{
  "name": "@odroe/fs",
  "version": "0.0.1",
  "lockfileVersion": 2,
  "requires": true,
  "packages": {
    "": {
      "name": "@odroe/fs",
      "version": "0.0.1",
      "license": "MIT",
      "devDependencies": {
        "pnpm": "^6.32.3"
      },
      "engines": {
        "node": ">=12.17"
      }
    },
    "node_modules/pnpm": {
      "version": "6.32.3",
      "resolved": "https://registry.npmjs.org/pnpm/-/pnpm-6.32.3.tgz",
      "integrity": "sha512-lMQgROSwiUA+kt+suAPinjNwqevS1Iz0rppWNZ3jHhzeP07RFRQ+Ksai2OlAnM+YjlbHT9niQ4ICBVSqcdQ04w==",
      "dev": true,
      "bin": {
        "pnpm": "bin/pnpm.cjs",
        "pnpx": "bin/pnpx.cjs"
      },
      "engines": {
        "node": ">=12.17"
      },
      "funding": {
        "url": "https://opencollective.com/pnpm"
      }
    }
  },
  "dependencies": {
    "pnpm": {
      "version": "6.32.3",
      "resolved": "https://registry.npmjs.org/pnpm/-/pnpm-6.32.3.tgz",
      "integrity": "sha512-lMQgROSwiUA+kt+suAPinjNwqevS1Iz0rppWNZ3jHhzeP07RFRQ+Ksai2OlAnM+YjlbHT9niQ4ICBVSqcdQ04w==",
      "dev": true
    }
  }
}
